
Microsoft Visual Studio Solution File, Format Version 11.00
# Visual Studio 2010
Project("{8BC9CEB8-8B4A-11D0-8D11-00A0C91BC942}") = "libPunch", "libPunch\libPunch.vcxproj", "{ED36EFD0-2C32-40F0-A7B2-428713E56E60}"
EndProject
Project("{8BC9CEB8-8B4A-11D0-8D11-00A0C91BC942}") = "pjlib", "pjlib\pjlib.vcxproj", "{DA0E03ED-53A7-4050-8A85-90541C5509F8}"
EndProject
Project("{8BC9CEB8-8B4A-11D0-8D11-00A0C91BC942}") = "pjlib_util", "pjlib-util\pjlib_util.vcxproj", "{FE07F272-AE7F-4549-9E9F-EF9B80CB1693}"
EndProject
Project("{8BC9CEB8-8B4A-11D0-8D11-00A0C91BC942}") = "pjnath", "pjnath\pjnath.vcxproj", "{A5D9AA24-08ED-48B9-BD65-F0A25E96BFC4}"
EndProject
Project("{8BC9CEB8-8B4A-11D0-8D11-00A0C91BC942}") = "testMain", "testMain\testMain.vcxproj", "{0A2D9E83-4E7A-4138-8AC5-20755E0F851A}"
EndProject
Global
	GlobalSection(SolutionConfigurationPlatforms) = preSolution
		Debug|Win32 = Debug|Win32
		Debug|x64 = Debug|x64
		Release|Win32 = Release|Win32
		Release|x64 = Release|x64
	EndGlobalSection
	GlobalSection(ProjectConfigurationPlatforms) = postSolution
		{ED36EFD0-2C32-40F0-A7B2-428713E56E60}.Debug|Win32.ActiveCfg = Debug|Win32
		{ED36EFD0-2C32-40F0-A7B2-428713E56E60}.Debug|Win32.Build.0 = Debug|Win32
		{ED36EFD0-2C32-40F0-A7B2-428713E56E60}.Debug|x64.ActiveCfg = Debug|Win32
		{ED36EFD0-2C32-40F0-A7B2-428713E56E60}.Release|Win32.ActiveCfg = Release|Win32
		{ED36EFD0-2C32-40F0-A7B2-428713E56E60}.Release|Win32.Build.0 = Release|Win32
		{ED36EFD0-2C32-40F0-A7B2-428713E56E60}.Release|x64.ActiveCfg = Release|Win32
		{DA0E03ED-53A7-4050-8A85-90541C5509F8}.Debug|Win32.ActiveCfg = Debug|Win32
		{DA0E03ED-53A7-4050-8A85-90541C5509F8}.Debug|Win32.Build.0 = Debug|Win32
		{DA0E03ED-53A7-4050-8A85-90541C5509F8}.Debug|x64.ActiveCfg = Debug|Win32
		{DA0E03ED-53A7-4050-8A85-90541C5509F8}.Release|Win32.ActiveCfg = Release|Win32
		{DA0E03ED-53A7-4050-8A85-90541C5509F8}.Release|Win32.Build.0 = Release|Win32
		{DA0E03ED-53A7-4050-8A85-90541C5509F8}.Release|x64.ActiveCfg = Release|Win32
		{FE07F272-AE7F-4549-9E9F-EF9B80CB1693}.Debug|Win32.ActiveCfg = Debug|Win32
		{FE07F272-AE7F-4549-9E9F-EF9B80CB1693}.Debug|Win32.Build.0 = Debug|Win32
		{FE07F272-AE7F-4549-9E9F-EF9B80CB1693}.Debug|x64.ActiveCfg = Debug|Win32
		{FE07F272-AE7F-4549-9E9F-EF9B80CB1693}.Release|Win32.ActiveCfg = Release|Win32
		{FE07F272-AE7F-4549-9E9F-EF9B80CB1693}.Release|Win32.Build.0 = Release|Win32
		{FE07F272-AE7F-4549-9E9F-EF9B80CB1693}.Release|x64.ActiveCfg = Release|Win32
		{A5D9AA24-08ED-48B9-BD65-F0A25E96BFC4}.Debug|Win32.ActiveCfg = Debug|Win32
		{A5D9AA24-08ED-48B9-BD65-F0A25E96BFC4}.Debug|Win32.Build.0 = Debug|Win32
		{A5D9AA24-08ED-48B9-BD65-F0A25E96BFC4}.Debug|x64.ActiveCfg = Debug|Win32
		{A5D9AA24-08ED-48B9-BD65-F0A25E96BFC4}.Release|Win32.ActiveCfg = Release|Win32
		{A5D9AA24-08ED-48B9-BD65-F0A25E96BFC4}.Release|Win32.Build.0 = Release|Win32
		{A5D9AA24-08ED-48B9-BD65-F0A25E96BFC4}.Release|x64.ActiveCfg = Release|Win32
		{0A2D9E83-4E7A-4138-8AC5-20755E0F851A}.Debug|Win32.ActiveCfg = Debug|Win32
		{0A2D9E83-4E7A-4138-8AC5-20755E0F851A}.Debug|Win32.Build.0 = Debug|Win32
		{0A2D9E83-4E7A-4138-8AC5-20755E0F851A}.Debug|x64.ActiveCfg = Debug|Win32
		{0A2D9E83-4E7A-4138-8AC5-20755E0F851A}.Release|Win32.ActiveCfg = Release|Win32
		{0A2D9E83-4E7A-4138-8AC5-20755E0F851A}.Release|Win32.Build.0 = Release|Win32
		{0A2D9E83-4E7A-4138-8AC5-20755E0F851A}.Release|x64.ActiveCfg = Release|Win32
	EndGlobalSection
	GlobalSection(SolutionProperties) = preSolution
		HideSolutionNode = FALSE
	EndGlobalSection
EndGlobal
